
Microsoft Visual Studio Solution File, Format Version 12.00
# Visual Studio Version 16
VisualStudioVersion = 16.0.31515.178
MinimumVisualStudioVersion = 10.0.40219.1
Project("{9A19103F-16F7-4668-BE54-9A1E7A4F7556}") = "DownloadsManagerClient", "DownloadsManagerClient.csproj", "{7EC90568-6DBA-4C5C-B945-259F69A85C12}"
EndProject
Project("{9A19103F-16F7-4668-BE54-9A1E7A4F7556}") = "JsonReaderLibrary", "..\..\..\Libraries\JsonReaderLibrary\JsonReaderLibrary\JsonReaderLibrary.csproj", "{A11C783E-35D9-4093-85F4-9FA7D1F1EE62}"
EndProject
Project("{9A19103F-16F7-4668-BE54-9A1E7A4F7556}") = "MVVMLibrary", "..\..\..\Libraries\MVVMLibrary\MVVMLibrary\MVVMLibrary.csproj", "{D04E36AE-5E46-46D3-97F6-258F398D6D9F}"
EndProject
Project("{2150E333-8FDC-42A3-9474-1A3956D46DE8}") = "Solution Items", "Solution Items", "{031D329A-2495-4547-A432-1B3933054039}"
	ProjectSection(SolutionItems) = preProject
		.editorconfig = .editorconfig
	EndProjectSection
EndProject
Global
	GlobalSection(SolutionConfigurationPlatforms) = preSolution
		Debug|Any CPU = Debug|Any CPU
		Release_1|Any CPU = Release_1|Any CPU
		Release|Any CPU = Release|Any CPU
		Release1|Any CPU = Release1|Any CPU
	EndGlobalSection
	GlobalSection(ProjectConfigurationPlatforms) = postSolution
		{7EC90568-6DBA-4C5C-B945-259F69A85C12}.Debug|Any CPU.ActiveCfg = Debug|Any CPU
		{7EC90568-6DBA-4C5C-B945-259F69A85C12}.Debug|Any CPU.Build.0 = Debug|Any CPU
		{7EC90568-6DBA-4C5C-B945-259F69A85C12}.Release_1|Any CPU.ActiveCfg = Release|Any CPU
		{7EC90568-6DBA-4C5C-B945-259F69A85C12}.Release_1|Any CPU.Build.0 = Release|Any CPU
		{7EC90568-6DBA-4C5C-B945-259F69A85C12}.Release|Any CPU.ActiveCfg = Release|Any CPU
		{7EC90568-6DBA-4C5C-B945-259F69A85C12}.Release|Any CPU.Build.0 = Release|Any CPU
		{7EC90568-6DBA-4C5C-B945-259F69A85C12}.Release1|Any CPU.ActiveCfg = Release|Any CPU
		{7EC90568-6DBA-4C5C-B945-259F69A85C12}.Release1|Any CPU.Build.0 = Release|Any CPU
		{A11C783E-35D9-4093-85F4-9FA7D1F1EE62}.Debug|Any CPU.ActiveCfg = Debug|Any CPU
		{A11C783E-35D9-4093-85F4-9FA7D1F1EE62}.Debug|Any CPU.Build.0 = Debug|Any CPU
		{A11C783E-35D9-4093-85F4-9FA7D1F1EE62}.Release_1|Any CPU.ActiveCfg = Release|Any CPU
		{A11C783E-35D9-4093-85F4-9FA7D1F1EE62}.Release_1|Any CPU.Build.0 = Release|Any CPU
		{A11C783E-35D9-4093-85F4-9FA7D1F1EE62}.Release|Any CPU.ActiveCfg = Release|Any CPU
		{A11C783E-35D9-4093-85F4-9FA7D1F1EE62}.Release|Any CPU.Build.0 = Release|Any CPU
		{A11C783E-35D9-4093-85F4-9FA7D1F1EE62}.Release1|Any CPU.ActiveCfg = Release1|Any CPU
		{A11C783E-35D9-4093-85F4-9FA7D1F1EE62}.Release1|Any CPU.Build.0 = Release1|Any CPU
		{D04E36AE-5E46-46D3-97F6-258F398D6D9F}.Debug|Any CPU.ActiveCfg = Debug|Any CPU
		{D04E36AE-5E46-46D3-97F6-258F398D6D9F}.Debug|Any CPU.Build.0 = Debug|Any CPU
		{D04E36AE-5E46-46D3-97F6-258F398D6D9F}.Release_1|Any CPU.ActiveCfg = Release_1|Any CPU
		{D04E36AE-5E46-46D3-97F6-258F398D6D9F}.Release_1|Any CPU.Build.0 = Release_1|Any CPU
		{D04E36AE-5E46-46D3-97F6-258F398D6D9F}.Release|Any CPU.ActiveCfg = Release|Any CPU
		{D04E36AE-5E46-46D3-97F6-258F398D6D9F}.Release|Any CPU.Build.0 = Release|Any CPU
		{D04E36AE-5E46-46D3-97F6-258F398D6D9F}.Release1|Any CPU.ActiveCfg = Release|Any CPU
		{D04E36AE-5E46-46D3-97F6-258F398D6D9F}.Release1|Any CPU.Build.0 = Release|Any CPU
	EndGlobalSection
	GlobalSection(SolutionProperties) = preSolution
		HideSolutionNode = FALSE
	EndGlobalSection
	GlobalSection(ExtensibilityGlobals) = postSolution
		SolutionGuid = {277554C5-D4B5-4586-8732-FD74269260DB}
	EndGlobalSection
EndGlobal
