
Microsoft Visual Studio Solution File, Format Version 12.00
# Visual Studio Version 16
VisualStudioVersion = 16.0.31515.178
MinimumVisualStudioVersion = 10.0.40219.1
Project("{FAE04EC0-301F-11D3-BF4B-00C04F79EFBC}") = "DownloadsManager", "DownloadsManager.csproj", "{9C3829E6-FE26-4D1B-9DC2-979E3647DD72}"
EndProject
Project("{FAE04EC0-301F-11D3-BF4B-00C04F79EFBC}") = "JsonReaderLibraryFW", "..\..\..\Libraries\JsonReaderLibraryFW\JsonReaderLibraryFW\JsonReaderLibraryFW.csproj", "{97EB8DB5-5952-4078-961E-2E4FA2317B05}"
EndProject
Project("{FAE04EC0-301F-11D3-BF4B-00C04F79EFBC}") = "UnitTests", "..\UnitTests\UnitTests.csproj", "{92D3965D-0126-4355-9610-63E08FFE965A}"
EndProject
Global
	GlobalSection(SolutionConfigurationPlatforms) = preSolution
		Debug|Any CPU = Debug|Any CPU
		Release|Any CPU = Release|Any CPU
	EndGlobalSection
	GlobalSection(ProjectConfigurationPlatforms) = postSolution
		{9C3829E6-FE26-4D1B-9DC2-979E3647DD72}.Debug|Any CPU.ActiveCfg = Debug|Any CPU
		{9C3829E6-FE26-4D1B-9DC2-979E3647DD72}.Debug|Any CPU.Build.0 = Debug|Any CPU
		{9C3829E6-FE26-4D1B-9DC2-979E3647DD72}.Release|Any CPU.ActiveCfg = Release|Any CPU
		{9C3829E6-FE26-4D1B-9DC2-979E3647DD72}.Release|Any CPU.Build.0 = Release|Any CPU
		{97EB8DB5-5952-4078-961E-2E4FA2317B05}.Debug|Any CPU.ActiveCfg = Debug|Any CPU
		{97EB8DB5-5952-4078-961E-2E4FA2317B05}.Debug|Any CPU.Build.0 = Debug|Any CPU
		{97EB8DB5-5952-4078-961E-2E4FA2317B05}.Release|Any CPU.ActiveCfg = Release|Any CPU
		{97EB8DB5-5952-4078-961E-2E4FA2317B05}.Release|Any CPU.Build.0 = Release|Any CPU
		{92D3965D-0126-4355-9610-63E08FFE965A}.Debug|Any CPU.ActiveCfg = Debug|Any CPU
		{92D3965D-0126-4355-9610-63E08FFE965A}.Debug|Any CPU.Build.0 = Debug|Any CPU
		{92D3965D-0126-4355-9610-63E08FFE965A}.Release|Any CPU.ActiveCfg = Release|Any CPU
		{92D3965D-0126-4355-9610-63E08FFE965A}.Release|Any CPU.Build.0 = Release|Any CPU
	EndGlobalSection
	GlobalSection(SolutionProperties) = preSolution
		HideSolutionNode = FALSE
	EndGlobalSection
	GlobalSection(ExtensibilityGlobals) = postSolution
		SolutionGuid = {6797A21A-F8B3-447E-BC17-B6A5F572E677}
	EndGlobalSection
EndGlobal
