
Microsoft Visual Studio Solution File, Format Version 12.00
# Visual Studio Version 16
VisualStudioVersion = 16.0.31515.178
MinimumVisualStudioVersion = 10.0.40219.1
Project("{FAE04EC0-301F-11D3-BF4B-00C04F79EFBC}") = "DownloadsManagerClient", "DownloadsManagerClient.csproj", "{7EC90568-6DBA-4C5C-B945-259F69A85C12}"
EndProject
Project("{9A19103F-16F7-4668-BE54-9A1E7A4F7556}") = "MVVMLibrary", "..\..\..\..\Libraries\MVVMLibrary\MVVMLibrary\MVVMLibrary.csproj", "{EFC2CFDC-899A-4263-9A9E-C19626B7F350}"
EndProject
Global
	GlobalSection(SolutionConfigurationPlatforms) = preSolution
		Debug|Any CPU = Debug|Any CPU
		Release_1|Any CPU = Release_1|Any CPU
		Release|Any CPU = Release|Any CPU
	EndGlobalSection
	GlobalSection(ProjectConfigurationPlatforms) = postSolution
		{7EC90568-6DBA-4C5C-B945-259F69A85C12}.Debug|Any CPU.ActiveCfg = Debug|Any CPU
		{7EC90568-6DBA-4C5C-B945-259F69A85C12}.Debug|Any CPU.Build.0 = Debug|Any CPU
		{7EC90568-6DBA-4C5C-B945-259F69A85C12}.Release_1|Any CPU.ActiveCfg = Release|Any CPU
		{7EC90568-6DBA-4C5C-B945-259F69A85C12}.Release_1|Any CPU.Build.0 = Release|Any CPU
		{7EC90568-6DBA-4C5C-B945-259F69A85C12}.Release|Any CPU.ActiveCfg = Release|Any CPU
		{7EC90568-6DBA-4C5C-B945-259F69A85C12}.Release|Any CPU.Build.0 = Release|Any CPU
		{EFC2CFDC-899A-4263-9A9E-C19626B7F350}.Debug|Any CPU.ActiveCfg = Debug|Any CPU
		{EFC2CFDC-899A-4263-9A9E-C19626B7F350}.Debug|Any CPU.Build.0 = Debug|Any CPU
		{EFC2CFDC-899A-4263-9A9E-C19626B7F350}.Release_1|Any CPU.ActiveCfg = Release_1|Any CPU
		{EFC2CFDC-899A-4263-9A9E-C19626B7F350}.Release_1|Any CPU.Build.0 = Release_1|Any CPU
		{EFC2CFDC-899A-4263-9A9E-C19626B7F350}.Release|Any CPU.ActiveCfg = Release|Any CPU
		{EFC2CFDC-899A-4263-9A9E-C19626B7F350}.Release|Any CPU.Build.0 = Release|Any CPU
	EndGlobalSection
	GlobalSection(SolutionProperties) = preSolution
		HideSolutionNode = FALSE
	EndGlobalSection
	GlobalSection(ExtensibilityGlobals) = postSolution
		SolutionGuid = {277554C5-D4B5-4586-8732-FD74269260DB}
	EndGlobalSection
EndGlobal
